# Generated by move; do not edit
# This file should be checked in.

[move]
version = 4

[pinned.mainnet.IntegerMate]
source = { git = "https://github.com/CetusProtocol/integer-mate.git", subdir = ".", rev = "09a12d9b171122883d9350039d4ed6e8400033b9" }
use_environment = "mainnet"
manifest_digest = "E41BBD67BE8940D26C79D78B028477EF5B33BA217A1282C78ACB344CF8A5ECF6"
deps = { std = "MoveStdlib", sui = "Sui" }

[pinned.mainnet.MoveSTL]
source = { git = "https://github.com/CetusProtocol/move-stl.git", subdir = ".", rev = "0681fec63a310ae753d03a06f7c05d3e2925bb09" }
use_environment = "mainnet"
manifest_digest = "E41BBD67BE8940D26C79D78B028477EF5B33BA217A1282C78ACB344CF8A5ECF6"
deps = { std = "MoveStdlib", sui = "Sui" }

[pinned.mainnet.MoveStdlib]
source = { git = "https://github.com/MystenLabs/sui.git", subdir = "crates/sui-framework/packages/move-stdlib", rev = "2a0becb2fcc6989e492981104af67f62f2c9511a" }
use_environment = "mainnet"
manifest_digest = "C4FE4C91DE74CBF223B2E380AE40F592177D21870DC2D7EB6227D2D694E05363"
deps = {}

[pinned.mainnet.Sui]
source = { git = "https://github.com/MystenLabs/sui.git", subdir = "crates/sui-framework/packages/sui-framework", rev = "2a0becb2fcc6989e492981104af67f62f2c9511a" }
use_environment = "mainnet"
manifest_digest = "CD547CB1ACCE0880C835DAED2D8FFCB91D56C833AE5240D3AA5B918398263195"
deps = { MoveStdlib = "MoveStdlib" }

[pinned.mainnet.agent_wallet]
source = { local = "../agent_wallet" }
use_environment = "mainnet"
manifest_digest = "A78B50D2AF06F0164F59C8415241D29B16E6682D4F65BE0F0C19FBDA0A5F6059"
deps = { Sui = "Sui" }

[pinned.mainnet.cetus_adapter]
source = { root = true }
use_environment = "mainnet"
manifest_digest = "91B339CED9E8A940D4BAB063F249EB71A97ED593E46CA0BA467ABFAB0BE2F391"
deps = { agent_wallet = "agent_wallet", cetusclmm = "cetusclmm", integer_mate = "IntegerMate", move_stl = "MoveSTL", std = "MoveStdlib", sui = "Sui" }

[pinned.mainnet.cetusclmm]
source = { git = "https://github.com/CetusProtocol/cetus-clmm-interface.git", subdir = "sui/cetus_clmm", rev = "5ef409e5aa97cf0c545c5ff64560cb65eaa981e7" }
use_environment = "mainnet"
manifest_digest = "DD4727D5703A9BFB95E2A029C6431919AE8B80E5945882E878E7FA2BAFB456BD"
deps = { integer_mate = "IntegerMate", move_stl = "MoveSTL", std = "MoveStdlib", sui = "Sui" }
